
Microsoft Visual Studio Solution File, Format Version 12.00
# Visual Studio Version 17
VisualStudioVersion = 17.9.34728.123
MinimumVisualStudioVersion = 10.0.40219.1
Project("{9A19103F-16F7-4668-BE54-9A1E7A4F7556}") = "AIChatStreaming", "AIChatStreaming.csproj", "{A097E67C-2E88-4C1A-8C66-B9A4FC5AE785}"
EndProject
Global
	GlobalSection(SolutionConfigurationPlatforms) = preSolution
		Debug|Any CPU = Debug|Any CPU
		Release|Any CPU = Release|Any CPU
	EndGlobalSection
	GlobalSection(ProjectConfigurationPlatforms) = postSolution
		{A097E67C-2E88-4C1A-8C66-B9A4FC5AE785}.Debug|Any CPU.ActiveCfg = Debug|Any CPU
		{A097E67C-2E88-4C1A-8C66-B9A4FC5AE785}.Debug|Any CPU.Build.0 = Debug|Any CPU
		{A097E67C-2E88-4C1A-8C66-B9A4FC5AE785}.Release|Any CPU.ActiveCfg = Release|Any CPU
		{A097E67C-2E88-4C1A-8C66-B9A4FC5AE785}.Release|Any CPU.Build.0 = Release|Any CPU
	EndGlobalSection
	GlobalSection(SolutionProperties) = preSolution
		HideSolutionNode = FALSE
	EndGlobalSection
	GlobalSection(ExtensibilityGlobals) = postSolution
		SolutionGuid = {D22B83A9-2FC7-41D8-BFBA-2D2E3BCFF18B}
	EndGlobalSection
EndGlobal
